
Microsoft Visual Studio Solution File, Format Version 12.00
# Visual Studio Version 17
VisualStudioVersion = 17.10.34928.147
MinimumVisualStudioVersion = 10.0.40219.1
Project("{FAE04EC0-301F-11D3-BF4B-00C04F79EFBC}") = "Hakai", "Hakai.csproj", "{E2253D51-DD75-4DC8-809C-51A3627F852E}"
EndProject
Global
	GlobalSection(SolutionConfigurationPlatforms) = preSolution
		Debug|Any CPU = Debug|Any CPU
		Release|Any CPU = Release|Any CPU
	EndGlobalSection
	GlobalSection(ProjectConfigurationPlatforms) = postSolution
		{E2253D51-DD75-4DC8-809C-51A3627F852E}.Debug|Any CPU.ActiveCfg = Debug|Any CPU
		{E2253D51-DD75-4DC8-809C-51A3627F852E}.Debug|Any CPU.Build.0 = Debug|Any CPU
		{E2253D51-DD75-4DC8-809C-51A3627F852E}.Release|Any CPU.ActiveCfg = Release|Any CPU
		{E2253D51-DD75-4DC8-809C-51A3627F852E}.Release|Any CPU.Build.0 = Release|Any CPU
	EndGlobalSection
	GlobalSection(SolutionProperties) = preSolution
		HideSolutionNode = FALSE
	EndGlobalSection
	GlobalSection(ExtensibilityGlobals) = postSolution
		SolutionGuid = {6B697B98-35C9-4CF4-811F-71A5DD0B3452}
	EndGlobalSection
EndGlobal
